
Microsoft Visual Studio Solution File, Format Version 12.00
# Visual Studio Version 16
VisualStudioVersion = 16.0.30011.22
MinimumVisualStudioVersion = 10.0.40219.1
Project("{FAE04EC0-301F-11D3-BF4B-00C04F79EFBC}") = "Side Scrolling Game MOO ICT", "Side Scrolling Game MOO ICT\Side Scrolling Game MOO ICT.csproj", "{D7D94999-EA60-47AE-9D09-F8000D36566C}"
EndProject
Global
	GlobalSection(SolutionConfigurationPlatforms) = preSolution
		Debug|Any CPU = Debug|Any CPU
		Release|Any CPU = Release|Any CPU
	EndGlobalSection
	GlobalSection(ProjectConfigurationPlatforms) = postSolution
		{D7D94999-EA60-47AE-9D09-F8000D36566C}.Debug|Any CPU.ActiveCfg = Debug|Any CPU
		{D7D94999-EA60-47AE-9D09-F8000D36566C}.Debug|Any CPU.Build.0 = Debug|Any CPU
		{D7D94999-EA60-47AE-9D09-F8000D36566C}.Release|Any CPU.ActiveCfg = Release|Any CPU
		{D7D94999-EA60-47AE-9D09-F8000D36566C}.Release|Any CPU.Build.0 = Release|Any CPU
	EndGlobalSection
	GlobalSection(SolutionProperties) = preSolution
		HideSolutionNode = FALSE
	EndGlobalSection
	GlobalSection(ExtensibilityGlobals) = postSolution
		SolutionGuid = {EDA40ECC-899F-4B27-99F4-C7A43752A067}
	EndGlobalSection
EndGlobal
